
Microsoft Visual Studio Solution File, Format Version 12.00
# Visual Studio Version 17
VisualStudioVersion = 17.4.33103.184
MinimumVisualStudioVersion = 10.0.40219.1
Project("{FAE04EC0-301F-11D3-BF4B-00C04F79EFBC}") = "BuscaPublicaTJeMG", "BuscaPublicaTJeMG.csproj", "{792FEC68-63D2-45B0-8579-5421DA88316A}"
EndProject
Global
	GlobalSection(SolutionConfigurationPlatforms) = preSolution
		Debug|Any CPU = Debug|Any CPU
		Release|Any CPU = Release|Any CPU
	EndGlobalSection
	GlobalSection(ProjectConfigurationPlatforms) = postSolution
		{792FEC68-63D2-45B0-8579-5421DA88316A}.Debug|Any CPU.ActiveCfg = Debug|Any CPU
		{792FEC68-63D2-45B0-8579-5421DA88316A}.Debug|Any CPU.Build.0 = Debug|Any CPU
		{792FEC68-63D2-45B0-8579-5421DA88316A}.Release|Any CPU.ActiveCfg = Release|Any CPU
		{792FEC68-63D2-45B0-8579-5421DA88316A}.Release|Any CPU.Build.0 = Release|Any CPU
	EndGlobalSection
	GlobalSection(SolutionProperties) = preSolution
		HideSolutionNode = FALSE
	EndGlobalSection
	GlobalSection(ExtensibilityGlobals) = postSolution
		SolutionGuid = {14B72199-8C7F-4744-AD63-44E857C8ADC4}
	EndGlobalSection
EndGlobal
